<Solution>
    <Folder Name="/Benchmarks/">
        <Project Path="benchmarks\Numos.CoreSim.Benchmarks\Numos.CoreSim.Benchmarks.csproj"/>
        <Project Path="benchmarks\Numos.Replay.Benchmarks\Numos.Replay.Benchmarks.csproj"/>
    </Folder>
    <Folder Name="/Tests/">
        <Project Path="tests\Numos.API.Dangerous.Tests\Numos.API.Dangerous.Tests.csproj"/>
        <Project Path="tests\Numos.API.Tests\Numos.API.Tests.csproj"/>
        <Project Path="tests\Numos.Collections.Tests\Numos.Collections.Tests.csproj"/>
        <Project Path="tests\Numos.CoreSim.IntegrationTests\Numos.CoreSim.IntegrationTests.csproj"/>
        <Project Path="tests\Numos.CoreSim.Tests\Numos.CoreSim.Tests.csproj"/>
        <Project Path="tests\Numos.Headless.Tests\Numos.Headless.Tests.csproj"/>
        <Project Path="tests\Numos.Maths.Tests\Numos.Maths.Tests.csproj"/>
        <Project Path="tests\Numos.SimDrawer.Tests\Numos.SimDrawer.Tests.csproj"/>
        <Project Path="tests\Numos.Units.Analyzers.Tests\Numos.Units.Analyzers.Tests.csproj"/>
        <Project Path="tests\Numos.Viewer.Tests\Numos.Viewer.Tests.csproj"/>
    </Folder>

    <Project Path="src\Numos.API.Dangerous\Numos.API.Dangerous.csproj"/>
    <Project Path="src\Numos.API\Numos.API.csproj"/>
    <Project Path="src\Numos.Collections\Numos.Collections.csproj"/>
    <Project Path="src\Numos.CoreSim\Numos.CoreSim.csproj"/>
    <Project Path="src\Numos.Headless\Numos.Headless.csproj"/>
    <Project Path="src\Numos.Maths\Numos.Maths.csproj"/>
    <Project Path="src\Numos.SimDrawer\Numos.SimDrawer.csproj"/>
    <Project Path="src\Numos.Serialization\Numos.Serialization.csproj"/>
    <Project Path="src\Numos.Serialization.FileSystem\Numos.Serialization.FileSystem.csproj"/>
    <Project Path="src\Numos.Units\Numos.Units.csproj"/>
    <Project Path="src\Numos.Units.Analyzers\Numos.Units.Analyzers.csproj"/>
    <Project Path="src\Numos.Viewer\Numos.Viewer.csproj"/>
</Solution>
